{
  "name": "react-components-lib-template",
  "version": "0.0.1",
  "lockfileVersion": 1,
  "requires": true,
  "dependencies": {
    "eslint-plugin-prettier": {
      "version": "2.7.0",
      "resolved": "https://npm.iftech.dev/eslint-plugin-prettier/-/eslint-plugin-prettier-2.7.0.tgz",
      "integrity": "sha512-CStQYJgALoQBw3FsBzH0VOVDRnJ/ZimUlpLm226U8qgqYJfPOY/CPK6wyRInMxh73HSKg5wyRwdS4BVYYHwokA==",
      "dev": true,
      "requires": {
        "fast-diff": "^1.1.1",
        "jest-docblock": "^21.0.0"
      }
    },
    "fast-diff": {
      "version": "1.2.0",
      "resolved": "https://npm.iftech.dev/fast-diff/-/fast-diff-1.2.0.tgz",
      "integrity": "sha512-xJuoT5+L99XlZ8twedaRf6Ax2TgQVxvgZOYoPKqZufmJib0tL2tegPBOZb1pVNgIhlqDlA0eO0c3wBvQcmzx4w==",
      "dev": true
    },
    "jest-docblock": {
      "version": "21.2.0",
      "resolved": "https://npm.iftech.dev/jest-docblock/-/jest-docblock-21.2.0.tgz",
      "integrity": "sha512-5IZ7sY9dBAYSV+YjQ0Ovb540Ku7AO9Z5o2Cg789xj167iQuZ2cG+z0f3Uct6WeYLbU6aQiM2pCs7sZ+4dotydw==",
      "dev": true
    },
    "lines-and-columns": {
      "version": "1.1.6",
      "resolved": "https://npm.iftech.dev/lines-and-columns/-/lines-and-columns-1.1.6.tgz",
      "integrity": "sha1-HADHQ7QzzQpOgHWPe2SldEDZ/wA=",
      "dev": true
    },
    "tslib": {
      "version": "1.10.0",
      "resolved": "https://npm.iftech.dev/tslib/-/tslib-1.10.0.tgz",
      "integrity": "sha512-qOebF53frne81cf0S9B41ByenJ3/IuH8yJKngAX35CmiZySA0khhkovshKK+jGCaMnVomla7gVlIcc3EvKPbTQ==",
      "dev": true
    },
    "tslint-config-prettier": {
      "version": "1.18.0",
      "resolved": "https://npm.iftech.dev/tslint-config-prettier/-/tslint-config-prettier-1.18.0.tgz",
      "integrity": "sha512-xPw9PgNPLG3iKRxmK7DWr+Ea/SzrvfHtjFt5LBl61gk2UBG/DB9kCXRjv+xyIU1rUtnayLeMUVJBcMX8Z17nDg==",
      "dev": true
    },
    "tslint-plugin-prettier": {
      "version": "2.0.1",
      "resolved": "https://npm.iftech.dev/tslint-plugin-prettier/-/tslint-plugin-prettier-2.0.1.tgz",
      "integrity": "sha512-4FX9JIx/1rKHIPJNfMb+ooX1gPk5Vg3vNi7+dyFYpLO+O57F4g+b/fo1+W/G0SUOkBLHB/YKScxjX/P+7ZT/Tw==",
      "dev": true,
      "requires": {
        "eslint-plugin-prettier": "^2.2.0",
        "lines-and-columns": "^1.1.6",
        "tslib": "^1.7.1"
      }
    },
    "tslint-react": {
      "version": "4.0.0",
      "resolved": "https://npm.iftech.dev/tslint-react/-/tslint-react-4.0.0.tgz",
      "integrity": "sha512-9fNE0fm9zNDx1+b6hgy8rgDN2WsQLRiIrn3+fbqm0tazBVF6jiaCFAITxmU+WSFWYE03Xhp1joCircXOe1WVAQ==",
      "dev": true,
      "requires": {
        "tsutils": "^3.9.1"
      }
    },
    "tsutils": {
      "version": "3.17.1",
      "resolved": "https://npm.iftech.dev/tsutils/-/tsutils-3.17.1.tgz",
      "integrity": "sha512-kzeQ5B8H3w60nFY2g8cJIuH7JDpsALXySGtwGJ0p2LSjLgay3NdIpqq5SoOBe46bKDW2iq25irHCr8wjomUS2g==",
      "dev": true,
      "requires": {
        "tslib": "^1.8.1"
      }
    }
  }
}
