{
	"name": "docs-templates",
	"version": "1.0.0",
	"lockfileVersion": 1,
	"requires": true,
	"dependencies": {
		"@types/lodash": {
			"version": "4.14.129",
			"resolved": "https://registry.npm.taobao.org/@types/lodash/download/@types/lodash-4.14.129.tgz",
			"integrity": "sha1-mqyjkdsSaAJIJlXEjdeagUSIIC8=",
			"dev": true
		}
	}
}
